
Microsoft Visual Studio Solution File, Format Version 12.00
# Visual Studio Version 16
VisualStudioVersion = 16.0.29201.188
MinimumVisualStudioVersion = 10.0.40219.1
Project("{FAE04EC0-301F-11D3-BF4B-00C04F79EFBC}") = "InterviewPrep", "InterviewPrep\InterviewPrep.csproj", "{507D123C-051A-4D42-B4F3-F6CAEE446256}"
EndProject
Global
	GlobalSection(SolutionConfigurationPlatforms) = preSolution
		Debug|Any CPU = Debug|Any CPU
		Release|Any CPU = Release|Any CPU
	EndGlobalSection
	GlobalSection(ProjectConfigurationPlatforms) = postSolution
		{507D123C-051A-4D42-B4F3-F6CAEE446256}.Debug|Any CPU.ActiveCfg = Debug|Any CPU
		{507D123C-051A-4D42-B4F3-F6CAEE446256}.Debug|Any CPU.Build.0 = Debug|Any CPU
		{507D123C-051A-4D42-B4F3-F6CAEE446256}.Release|Any CPU.ActiveCfg = Release|Any CPU
		{507D123C-051A-4D42-B4F3-F6CAEE446256}.Release|Any CPU.Build.0 = Release|Any CPU
	EndGlobalSection
	GlobalSection(SolutionProperties) = preSolution
		HideSolutionNode = FALSE
	EndGlobalSection
	GlobalSection(ExtensibilityGlobals) = postSolution
		SolutionGuid = {6BAA0577-8C68-47D8-B390-474ED42ED21B}
	EndGlobalSection
EndGlobal
